// !$*UTF8*$!
{
	archiveVersion = 1;
	classes = {
	};
	objectVersion = 56;
	objects = {

/* Begin PBXBuildFile section */
		246954552C122E6B004E72A4 /* ProgressCircleView.swift in Sources */ = {isa = PBXBuildFile; fileRef = 246954542C122E6B004E72A4 /* ProgressCircleView.swift */; };
		2469545A2C1231D4004E72A4 /* StatisticsView.swift in Sources */ = {isa = PBXBuildFile; fileRef = 246954592C1231D4004E72A4 /* StatisticsView.swift */; };
		2469545E2C12327D004E72A4 /* NoDataFound.json in Resources */ = {isa = PBXBuildFile; fileRef = 2469545C2C12327D004E72A4 /* NoDataFound.json */; };
		2469545F2C12327D004E72A4 /* NoItemsPresent.json in Resources */ = {isa = PBXBuildFile; fileRef = 2469545D2C12327D004E72A4 /* NoItemsPresent.json */; };
		246954622C1232B7004E72A4 /* StatisticsCardView.swift in Sources */ = {isa = PBXBuildFile; fileRef = 246954612C1232B7004E72A4 /* StatisticsCardView.swift */; };
		246954652C123315004E72A4 /* BarChartActivityView.swift in Sources */ = {isa = PBXBuildFile; fileRef = 246954642C123315004E72A4 /* BarChartActivityView.swift */; };
		246954672C12332B004E72A4 /* AddLottieView.swift in Sources */ = {isa = PBXBuildFile; fileRef = 246954662C12332B004E72A4 /* AddLottieView.swift */; };
		2469546A2C123410004E72A4 /* Lottie in Frameworks */ = {isa = PBXBuildFile; productRef = 246954692C123410004E72A4 /* Lottie */; };
		2469546D2C12345A004E72A4 /* StatisticsViewModel.swift in Sources */ = {isa = PBXBuildFile; fileRef = 2469546C2C12345A004E72A4 /* StatisticsViewModel.swift */; };
		246954712C1237DA004E72A4 /* NotificationManager.swift in Sources */ = {isa = PBXBuildFile; fileRef = 246954702C1237DA004E72A4 /* NotificationManager.swift */; };
		246954752C123864004E72A4 /* HyderationNotificationView.swift in Sources */ = {isa = PBXBuildFile; fileRef = 246954742C123864004E72A4 /* HyderationNotificationView.swift */; };
		2469547A2C124460004E72A4 /* CalendarViewModel.swift in Sources */ = {isa = PBXBuildFile; fileRef = 246954792C124460004E72A4 /* CalendarViewModel.swift */; };
		2469547C2C1248A0004E72A4 /* CalendarView.swift in Sources */ = {isa = PBXBuildFile; fileRef = 2469547B2C1248A0004E72A4 /* CalendarView.swift */; };
		2469547E2C1248CB004E72A4 /* CalendarDayView.swift in Sources */ = {isa = PBXBuildFile; fileRef = 2469547D2C1248CB004E72A4 /* CalendarDayView.swift */; };
		246954802C125414004E72A4 /* CircleWaveView.swift in Sources */ = {isa = PBXBuildFile; fileRef = 2469547F2C125414004E72A4 /* CircleWaveView.swift */; };
		24BC182A2C120235001D7688 /* CarouselView.swift in Sources */ = {isa = PBXBuildFile; fileRef = 24BC18292C120235001D7688 /* CarouselView.swift */; };
		24CD1CA72C11E6430083FE05 /* GOQiiHydrationTrackerApp.swift in Sources */ = {isa = PBXBuildFile; fileRef = 24CD1CA62C11E6430083FE05 /* GOQiiHydrationTrackerApp.swift */; };
		24CD1CA92C11E6430083FE05 /* MainTabView.swift in Sources */ = {isa = PBXBuildFile; fileRef = 24CD1CA82C11E6430083FE05 /* MainTabView.swift */; };
		24CD1CAB2C11E6450083FE05 /* Assets.xcassets in Resources */ = {isa = PBXBuildFile; fileRef = 24CD1CAA2C11E6450083FE05 /* Assets.xcassets */; };
		24CD1CAE2C11E6450083FE05 /* Preview Assets.xcassets in Resources */ = {isa = PBXBuildFile; fileRef = 24CD1CAD2C11E6450083FE05 /* Preview Assets.xcassets */; };
		24CD1CB82C11E6450083FE05 /* GOQiiHydrationTrackerTests.swift in Sources */ = {isa = PBXBuildFile; fileRef = 24CD1CB72C11E6450083FE05 /* GOQiiHydrationTrackerTests.swift */; };
		24CD1CC22C11E6450083FE05 /* GOQiiHydrationTrackerUITests.swift in Sources */ = {isa = PBXBuildFile; fileRef = 24CD1CC12C11E6450083FE05 /* GOQiiHydrationTrackerUITests.swift */; };
		24CD1CC42C11E6450083FE05 /* GOQiiHydrationTrackerUITestsLaunchTests.swift in Sources */ = {isa = PBXBuildFile; fileRef = 24CD1CC32C11E6450083FE05 /* GOQiiHydrationTrackerUITestsLaunchTests.swift */; };
		24CD1CD12C11EEB40083FE05 /* HomeView.swift in Sources */ = {isa = PBXBuildFile; fileRef = 24CD1CD02C11EEB40083FE05 /* HomeView.swift */; };
		24CD1CD32C11EF480083FE05 /* HydrationCardView.swift in Sources */ = {isa = PBXBuildFile; fileRef = 24CD1CD22C11EF480083FE05 /* HydrationCardView.swift */; };
		24CD1CD52C11EF600083FE05 /* HomeViewModel.swift in Sources */ = {isa = PBXBuildFile; fileRef = 24CD1CD42C11EF600083FE05 /* HomeViewModel.swift */; };
		24CD1CD82C11EF860083FE05 /* HydrationModel.xcdatamodeld in Sources */ = {isa = PBXBuildFile; fileRef = 24CD1CD62C11EF860083FE05 /* HydrationModel.xcdatamodeld */; };
		24CD1CDA2C11F0A10083FE05 /* WaterIntakeRow.swift in Sources */ = {isa = PBXBuildFile; fileRef = 24CD1CD92C11F0A10083FE05 /* WaterIntakeRow.swift */; };
		24CD1CDE2C11F1AA0083FE05 /* CardType.swift in Sources */ = {isa = PBXBuildFile; fileRef = 24CD1CDD2C11F1AA0083FE05 /* CardType.swift */; };
		24CD1CE02C11F1CA0083FE05 /* EditTargetView.swift in Sources */ = {isa = PBXBuildFile; fileRef = 24CD1CDF2C11F1CA0083FE05 /* EditTargetView.swift */; };
		24CD1CE22C11F1E40083FE05 /* AddWaterIntakeView.swift in Sources */ = {isa = PBXBuildFile; fileRef = 24CD1CE12C11F1E40083FE05 /* AddWaterIntakeView.swift */; };
		24CD1CE52C11F2F10083FE05 /* CoreDataManager.swift in Sources */ = {isa = PBXBuildFile; fileRef = 24CD1CE42C11F2F10083FE05 /* CoreDataManager.swift */; };
/* End PBXBuildFile section */

/* Begin PBXContainerItemProxy section */
		24CD1CB42C11E6450083FE05 /* PBXContainerItemProxy */ = {
			isa = PBXContainerItemProxy;
			containerPortal = 24CD1C9B2C11E6420083FE05 /* Project object */;
			proxyType = 1;
			remoteGlobalIDString = 24CD1CA22C11E6430083FE05;
			remoteInfo = GOQiiHydrationTracker;
		};
		24CD1CBE2C11E6450083FE05 /* PBXContainerItemProxy */ = {
			isa = PBXContainerItemProxy;
			containerPortal = 24CD1C9B2C11E6420083FE05 /* Project object */;
			proxyType = 1;
			remoteGlobalIDString = 24CD1CA22C11E6430083FE05;
			remoteInfo = GOQiiHydrationTracker;
		};
/* End PBXContainerItemProxy section */

/* Begin PBXFileReference section */
		246954542C122E6B004E72A4 /* ProgressCircleView.swift */ = {isa = PBXFileReference; lastKnownFileType = sourcecode.swift; path = ProgressCircleView.swift; sourceTree = "<group>"; };
		246954592C1231D4004E72A4 /* StatisticsView.swift */ = {isa = PBXFileReference; lastKnownFileType = sourcecode.swift; path = StatisticsView.swift; sourceTree = "<group>"; };
		2469545C2C12327D004E72A4 /* NoDataFound.json */ = {isa = PBXFileReference; fileEncoding = 4; lastKnownFileType = text.json; path = NoDataFound.json; sourceTree = "<group>"; };
		2469545D2C12327D004E72A4 /* NoItemsPresent.json */ = {isa = PBXFileReference; fileEncoding = 4; lastKnownFileType = text.json; path = NoItemsPresent.json; sourceTree = "<group>"; };
		246954612C1232B7004E72A4 /* StatisticsCardView.swift */ = {isa = PBXFileReference; lastKnownFileType = sourcecode.swift; path = StatisticsCardView.swift; sourceTree = "<group>"; };
		246954642C123315004E72A4 /* BarChartActivityView.swift */ = {isa = PBXFileReference; lastKnownFileType = sourcecode.swift; path = BarChartActivityView.swift; sourceTree = "<group>"; };
		246954662C12332B004E72A4 /* AddLottieView.swift */ = {isa = PBXFileReference; lastKnownFileType = sourcecode.swift; path = AddLottieView.swift; sourceTree = "<group>"; };
		2469546C2C12345A004E72A4 /* StatisticsViewModel.swift */ = {isa = PBXFileReference; lastKnownFileType = sourcecode.swift; path = StatisticsViewModel.swift; sourceTree = "<group>"; };
		246954702C1237DA004E72A4 /* NotificationManager.swift */ = {isa = PBXFileReference; lastKnownFileType = sourcecode.swift; path = NotificationManager.swift; sourceTree = "<group>"; };
		246954742C123864004E72A4 /* HyderationNotificationView.swift */ = {isa = PBXFileReference; lastKnownFileType = sourcecode.swift; path = HyderationNotificationView.swift; sourceTree = "<group>"; };
		246954792C124460004E72A4 /* CalendarViewModel.swift */ = {isa = PBXFileReference; lastKnownFileType = sourcecode.swift; path = CalendarViewModel.swift; sourceTree = "<group>"; };
		2469547B2C1248A0004E72A4 /* CalendarView.swift */ = {isa = PBXFileReference; lastKnownFileType = sourcecode.swift; path = CalendarView.swift; sourceTree = "<group>"; };
		2469547D2C1248CB004E72A4 /* CalendarDayView.swift */ = {isa = PBXFileReference; lastKnownFileType = sourcecode.swift; path = CalendarDayView.swift; sourceTree = "<group>"; };
		2469547F2C125414004E72A4 /* CircleWaveView.swift */ = {isa = PBXFileReference; lastKnownFileType = sourcecode.swift; path = CircleWaveView.swift; sourceTree = "<group>"; };
		24BC18292C120235001D7688 /* CarouselView.swift */ = {isa = PBXFileReference; lastKnownFileType = sourcecode.swift; path = CarouselView.swift; sourceTree = "<group>"; };
		24CD1CA32C11E6430083FE05 /* GOQiiHydrationTracker.app */ = {isa = PBXFileReference; explicitFileType = wrapper.application; includeInIndex = 0; path = GOQiiHydrationTracker.app; sourceTree = BUILT_PRODUCTS_DIR; };
		24CD1CA62C11E6430083FE05 /* GOQiiHydrationTrackerApp.swift */ = {isa = PBXFileReference; lastKnownFileType = sourcecode.swift; path = GOQiiHydrationTrackerApp.swift; sourceTree = "<group>"; };
		24CD1CA82C11E6430083FE05 /* MainTabView.swift */ = {isa = PBXFileReference; lastKnownFileType = sourcecode.swift; path = MainTabView.swift; sourceTree = "<group>"; };
		24CD1CAA2C11E6450083FE05 /* Assets.xcassets */ = {isa = PBXFileReference; lastKnownFileType = folder.assetcatalog; path = Assets.xcassets; sourceTree = "<group>"; };
		24CD1CAD2C11E6450083FE05 /* Preview Assets.xcassets */ = {isa = PBXFileReference; lastKnownFileType = folder.assetcatalog; path = "Preview Assets.xcassets"; sourceTree = "<group>"; };
		24CD1CB32C11E6450083FE05 /* GOQiiHydrationTrackerTests.xctest */ = {isa = PBXFileReference; explicitFileType = wrapper.cfbundle; includeInIndex = 0; path = GOQiiHydrationTrackerTests.xctest; sourceTree = BUILT_PRODUCTS_DIR; };
		24CD1CB72C11E6450083FE05 /* GOQiiHydrationTrackerTests.swift */ = {isa = PBXFileReference; lastKnownFileType = sourcecode.swift; path = GOQiiHydrationTrackerTests.swift; sourceTree = "<group>"; };
		24CD1CBD2C11E6450083FE05 /* GOQiiHydrationTrackerUITests.xctest */ = {isa = PBXFileReference; explicitFileType = wrapper.cfbundle; includeInIndex = 0; path = GOQiiHydrationTrackerUITests.xctest; sourceTree = BUILT_PRODUCTS_DIR; };
		24CD1CC12C11E6450083FE05 /* GOQiiHydrationTrackerUITests.swift */ = {isa = PBXFileReference; lastKnownFileType = sourcecode.swift; path = GOQiiHydrationTrackerUITests.swift; sourceTree = "<group>"; };
		24CD1CC32C11E6450083FE05 /* GOQiiHydrationTrackerUITestsLaunchTests.swift */ = {isa = PBXFileReference; lastKnownFileType = sourcecode.swift; path = GOQiiHydrationTrackerUITestsLaunchTests.swift; sourceTree = "<group>"; };
		24CD1CD02C11EEB40083FE05 /* HomeView.swift */ = {isa = PBXFileReference; lastKnownFileType = sourcecode.swift; path = HomeView.swift; sourceTree = "<group>"; };
		24CD1CD22C11EF480083FE05 /* HydrationCardView.swift */ = {isa = PBXFileReference; lastKnownFileType = sourcecode.swift; path = HydrationCardView.swift; sourceTree = "<group>"; };
		24CD1CD42C11EF600083FE05 /* HomeViewModel.swift */ = {isa = PBXFileReference; lastKnownFileType = sourcecode.swift; path = HomeViewModel.swift; sourceTree = "<group>"; };
		24CD1CD72C11EF860083FE05 /* HydrationModel.xcdatamodel */ = {isa = PBXFileReference; lastKnownFileType = wrapper.xcdatamodel; path = HydrationModel.xcdatamodel; sourceTree = "<group>"; };
		24CD1CD92C11F0A10083FE05 /* WaterIntakeRow.swift */ = {isa = PBXFileReference; lastKnownFileType = sourcecode.swift; path = WaterIntakeRow.swift; sourceTree = "<group>"; };
		24CD1CDD2C11F1AA0083FE05 /* CardType.swift */ = {isa = PBXFileReference; lastKnownFileType = sourcecode.swift; path = CardType.swift; sourceTree = "<group>"; };
		24CD1CDF2C11F1CA0083FE05 /* EditTargetView.swift */ = {isa = PBXFileReference; lastKnownFileType = sourcecode.swift; path = EditTargetView.swift; sourceTree = "<group>"; };
		24CD1CE12C11F1E40083FE05 /* AddWaterIntakeView.swift */ = {isa = PBXFileReference; lastKnownFileType = sourcecode.swift; path = AddWaterIntakeView.swift; sourceTree = "<group>"; };
		24CD1CE42C11F2F10083FE05 /* CoreDataManager.swift */ = {isa = PBXFileReference; lastKnownFileType = sourcecode.swift; path = CoreDataManager.swift; sourceTree = "<group>"; };
/* End PBXFileReference section */

/* Begin PBXFrameworksBuildPhase section */
		24CD1CA02C11E6430083FE05 /* Frameworks */ = {
			isa = PBXFrameworksBuildPhase;
			buildActionMask = 2147483647;
			files = (
				2469546A2C123410004E72A4 /* Lottie in Frameworks */,
			);
			runOnlyForDeploymentPostprocessing = 0;
		};
		24CD1CB02C11E6450083FE05 /* Frameworks */ = {
			isa = PBXFrameworksBuildPhase;
			buildActionMask = 2147483647;
			files = (
			);
			runOnlyForDeploymentPostprocessing = 0;
		};
		24CD1CBA2C11E6450083FE05 /* Frameworks */ = {
			isa = PBXFrameworksBuildPhase;
			buildActionMask = 2147483647;
			files = (
			);
			runOnlyForDeploymentPostprocessing = 0;
		};
/* End PBXFrameworksBuildPhase section */

/* Begin PBXGroup section */
		246954562C1231A4004E72A4 /* View */ = {
			isa = PBXGroup;
			children = (
				246954722C12383C004E72A4 /* HomeView */,
				246954732C123845004E72A4 /* NotificatioView */,
			);
			path = View;
			sourceTree = "<group>";
		};
		246954572C1231AC004E72A4 /* ViewModel */ = {
			isa = PBXGroup;
			children = (
				24CD1CD42C11EF600083FE05 /* HomeViewModel.swift */,
			);
			path = ViewModel;
			sourceTree = "<group>";
		};
		246954582C1231B8004E72A4 /* StatisticsView */ = {
			isa = PBXGroup;
			children = (
				2469546B2C12344A004E72A4 /* ViewModel */,
				246954602C1232AF004E72A4 /* View */,
			);
			path = StatisticsView;
			sourceTree = "<group>";
		};
		2469545B2C123250004E72A4 /* SupportingFiles */ = {
			isa = PBXGroup;
			children = (
				2469545C2C12327D004E72A4 /* NoDataFound.json */,
				2469545D2C12327D004E72A4 /* NoItemsPresent.json */,
			);
			path = SupportingFiles;
			sourceTree = "<group>";
		};
		246954602C1232AF004E72A4 /* View */ = {
			isa = PBXGroup;
			children = (
				246954592C1231D4004E72A4 /* StatisticsView.swift */,
				246954612C1232B7004E72A4 /* StatisticsCardView.swift */,
				246954642C123315004E72A4 /* BarChartActivityView.swift */,
				246954662C12332B004E72A4 /* AddLottieView.swift */,
			);
			path = View;
			sourceTree = "<group>";
		};
		2469546B2C12344A004E72A4 /* ViewModel */ = {
			isa = PBXGroup;
			children = (
				2469546C2C12345A004E72A4 /* StatisticsViewModel.swift */,
			);
			path = ViewModel;
			sourceTree = "<group>";
		};
		246954722C12383C004E72A4 /* HomeView */ = {
			isa = PBXGroup;
			children = (
				24CD1CD02C11EEB40083FE05 /* HomeView.swift */,
				24BC18292C120235001D7688 /* CarouselView.swift */,
				24CD1CD22C11EF480083FE05 /* HydrationCardView.swift */,
				246954542C122E6B004E72A4 /* ProgressCircleView.swift */,
				24CD1CD92C11F0A10083FE05 /* WaterIntakeRow.swift */,
				24CD1CDF2C11F1CA0083FE05 /* EditTargetView.swift */,
				24CD1CE12C11F1E40083FE05 /* AddWaterIntakeView.swift */,
			);
			path = HomeView;
			sourceTree = "<group>";
		};
		246954732C123845004E72A4 /* NotificatioView */ = {
			isa = PBXGroup;
			children = (
				246954742C123864004E72A4 /* HyderationNotificationView.swift */,
			);
			path = NotificatioView;
			sourceTree = "<group>";
		};
		246954762C12443B004E72A4 /* CalenderView */ = {
			isa = PBXGroup;
			children = (
				246954782C12444D004E72A4 /* ViewMmodel */,
				246954772C124448004E72A4 /* view */,
			);
			path = CalenderView;
			sourceTree = "<group>";
		};
		246954772C124448004E72A4 /* view */ = {
			isa = PBXGroup;
			children = (
				2469547B2C1248A0004E72A4 /* CalendarView.swift */,
				2469547D2C1248CB004E72A4 /* CalendarDayView.swift */,
				2469547F2C125414004E72A4 /* CircleWaveView.swift */,
			);
			path = view;
			sourceTree = "<group>";
		};
		246954782C12444D004E72A4 /* ViewMmodel */ = {
			isa = PBXGroup;
			children = (
				246954792C124460004E72A4 /* CalendarViewModel.swift */,
			);
			path = ViewMmodel;
			sourceTree = "<group>";
		};
		24CD1C9A2C11E6420083FE05 = {
			isa = PBXGroup;
			children = (
				24CD1CA52C11E6430083FE05 /* GOQiiHydrationTracker */,
				24CD1CB62C11E6450083FE05 /* GOQiiHydrationTrackerTests */,
				24CD1CC02C11E6450083FE05 /* GOQiiHydrationTrackerUITests */,
				24CD1CA42C11E6430083FE05 /* Products */,
			);
			sourceTree = "<group>";
		};
		24CD1CA42C11E6430083FE05 /* Products */ = {
			isa = PBXGroup;
			children = (
				24CD1CA32C11E6430083FE05 /* GOQiiHydrationTracker.app */,
				24CD1CB32C11E6450083FE05 /* GOQiiHydrationTrackerTests.xctest */,
				24CD1CBD2C11E6450083FE05 /* GOQiiHydrationTrackerUITests.xctest */,
			);
			name = Products;
			sourceTree = "<group>";
		};
		24CD1CA52C11E6430083FE05 /* GOQiiHydrationTracker */ = {
			isa = PBXGroup;
			children = (
				24CD1CA62C11E6430083FE05 /* GOQiiHydrationTrackerApp.swift */,
				24CD1CA82C11E6430083FE05 /* MainTabView.swift */,
				24CD1CDB2C11F1090083FE05 /* HomeView */,
				246954762C12443B004E72A4 /* CalenderView */,
				246954582C1231B8004E72A4 /* StatisticsView */,
				24CD1CE32C11F2DB0083FE05 /* Manager */,
				24CD1CDC2C11F1A20083FE05 /* Model */,
				24CD1CD62C11EF860083FE05 /* HydrationModel.xcdatamodeld */,
				2469545B2C123250004E72A4 /* SupportingFiles */,
				24CD1CAA2C11E6450083FE05 /* Assets.xcassets */,
				24CD1CAC2C11E6450083FE05 /* Preview Content */,
			);
			path = GOQiiHydrationTracker;
			sourceTree = "<group>";
		};
		24CD1CAC2C11E6450083FE05 /* Preview Content */ = {
			isa = PBXGroup;
			children = (
				24CD1CAD2C11E6450083FE05 /* Preview Assets.xcassets */,
			);
			path = "Preview Content";
			sourceTree = "<group>";
		};
		24CD1CB62C11E6450083FE05 /* GOQiiHydrationTrackerTests */ = {
			isa = PBXGroup;
			children = (
				24CD1CB72C11E6450083FE05 /* GOQiiHydrationTrackerTests.swift */,
			);
			path = GOQiiHydrationTrackerTests;
			sourceTree = "<group>";
		};
		24CD1CC02C11E6450083FE05 /* GOQiiHydrationTrackerUITests */ = {
			isa = PBXGroup;
			children = (
				24CD1CC12C11E6450083FE05 /* GOQiiHydrationTrackerUITests.swift */,
				24CD1CC32C11E6450083FE05 /* GOQiiHydrationTrackerUITestsLaunchTests.swift */,
			);
			path = GOQiiHydrationTrackerUITests;
			sourceTree = "<group>";
		};
		24CD1CDB2C11F1090083FE05 /* HomeView */ = {
			isa = PBXGroup;
			children = (
				246954572C1231AC004E72A4 /* ViewModel */,
				246954562C1231A4004E72A4 /* View */,
			);
			path = HomeView;
			sourceTree = "<group>";
		};
		24CD1CDC2C11F1A20083FE05 /* Model */ = {
			isa = PBXGroup;
			children = (
				24CD1CDD2C11F1AA0083FE05 /* CardType.swift */,
			);
			path = Model;
			sourceTree = "<group>";
		};
		24CD1CE32C11F2DB0083FE05 /* Manager */ = {
			isa = PBXGroup;
			children = (
				24CD1CE42C11F2F10083FE05 /* CoreDataManager.swift */,
				246954702C1237DA004E72A4 /* NotificationManager.swift */,
			);
			path = Manager;
			sourceTree = "<group>";
		};
/* End PBXGroup section */

/* Begin PBXNativeTarget section */
		24CD1CA22C11E6430083FE05 /* GOQiiHydrationTracker */ = {
			isa = PBXNativeTarget;
			buildConfigurationList = 24CD1CC72C11E6450083FE05 /* Build configuration list for PBXNativeTarget "GOQiiHydrationTracker" */;
			buildPhases = (
				24CD1C9F2C11E6430083FE05 /* Sources */,
				24CD1CA02C11E6430083FE05 /* Frameworks */,
				24CD1CA12C11E6430083FE05 /* Resources */,
			);
			buildRules = (
			);
			dependencies = (
			);
			name = GOQiiHydrationTracker;
			packageProductDependencies = (
				246954692C123410004E72A4 /* Lottie */,
			);
			productName = GOQiiHydrationTracker;
			productReference = 24CD1CA32C11E6430083FE05 /* GOQiiHydrationTracker.app */;
			productType = "com.apple.product-type.application";
		};
		24CD1CB22C11E6450083FE05 /* GOQiiHydrationTrackerTests */ = {
			isa = PBXNativeTarget;
			buildConfigurationList = 24CD1CCA2C11E6450083FE05 /* Build configuration list for PBXNativeTarget "GOQiiHydrationTrackerTests" */;
			buildPhases = (
				24CD1CAF2C11E6450083FE05 /* Sources */,
				24CD1CB02C11E6450083FE05 /* Frameworks */,
				24CD1CB12C11E6450083FE05 /* Resources */,
			);
			buildRules = (
			);
			dependencies = (
				24CD1CB52C11E6450083FE05 /* PBXTargetDependency */,
			);
			name = GOQiiHydrationTrackerTests;
			productName = GOQiiHydrationTrackerTests;
			productReference = 24CD1CB32C11E6450083FE05 /* GOQiiHydrationTrackerTests.xctest */;
			productType = "com.apple.product-type.bundle.unit-test";
		};
		24CD1CBC2C11E6450083FE05 /* GOQiiHydrationTrackerUITests */ = {
			isa = PBXNativeTarget;
			buildConfigurationList = 24CD1CCD2C11E6450083FE05 /* Build configuration list for PBXNativeTarget "GOQiiHydrationTrackerUITests" */;
			buildPhases = (
				24CD1CB92C11E6450083FE05 /* Sources */,
				24CD1CBA2C11E6450083FE05 /* Frameworks */,
				24CD1CBB2C11E6450083FE05 /* Resources */,
			);
			buildRules = (
			);
			dependencies = (
				24CD1CBF2C11E6450083FE05 /* PBXTargetDependency */,
			);
			name = GOQiiHydrationTrackerUITests;
			productName = GOQiiHydrationTrackerUITests;
			productReference = 24CD1CBD2C11E6450083FE05 /* GOQiiHydrationTrackerUITests.xctest */;
			productType = "com.apple.product-type.bundle.ui-testing";
		};
/* End PBXNativeTarget section */

/* Begin PBXProject section */
		24CD1C9B2C11E6420083FE05 /* Project object */ = {
			isa = PBXProject;
			attributes = {
				BuildIndependentTargetsInParallel = 1;
				LastSwiftUpdateCheck = 1530;
				LastUpgradeCheck = 1530;
				TargetAttributes = {
					24CD1CA22C11E6430083FE05 = {
						CreatedOnToolsVersion = 15.3;
					};
					24CD1CB22C11E6450083FE05 = {
						CreatedOnToolsVersion = 15.3;
						TestTargetID = 24CD1CA22C11E6430083FE05;
					};
					24CD1CBC2C11E6450083FE05 = {
						CreatedOnToolsVersion = 15.3;
						TestTargetID = 24CD1CA22C11E6430083FE05;
					};
				};
			};
			buildConfigurationList = 24CD1C9E2C11E6420083FE05 /* Build configuration list for PBXProject "GOQiiHydrationTracker" */;
			compatibilityVersion = "Xcode 14.0";
			developmentRegion = en;
			hasScannedForEncodings = 0;
			knownRegions = (
				en,
				Base,
			);
			mainGroup = 24CD1C9A2C11E6420083FE05;
			packageReferences = (
				246954682C1233D5004E72A4 /* XCRemoteSwiftPackageReference "lottie-ios" */,
			);
			productRefGroup = 24CD1CA42C11E6430083FE05 /* Products */;
			projectDirPath = "";
			projectRoot = "";
			targets = (
				24CD1CA22C11E6430083FE05 /* GOQiiHydrationTracker */,
				24CD1CB22C11E6450083FE05 /* GOQiiHydrationTrackerTests */,
				24CD1CBC2C11E6450083FE05 /* GOQiiHydrationTrackerUITests */,
			);
		};
/* End PBXProject section */

/* Begin PBXResourcesBuildPhase section */
		24CD1CA12C11E6430083FE05 /* Resources */ = {
			isa = PBXResourcesBuildPhase;
			buildActionMask = 2147483647;
			files = (
				2469545E2C12327D004E72A4 /* NoDataFound.json in Resources */,
				24CD1CAE2C11E6450083FE05 /* Preview Assets.xcassets in Resources */,
				24CD1CAB2C11E6450083FE05 /* Assets.xcassets in Resources */,
				2469545F2C12327D004E72A4 /* NoItemsPresent.json in Resources */,
			);
			runOnlyForDeploymentPostprocessing = 0;
		};
		24CD1CB12C11E6450083FE05 /* Resources */ = {
			isa = PBXResourcesBuildPhase;
			buildActionMask = 2147483647;
			files = (
			);
			runOnlyForDeploymentPostprocessing = 0;
		};
		24CD1CBB2C11E6450083FE05 /* Resources */ = {
			isa = PBXResourcesBuildPhase;
			buildActionMask = 2147483647;
			files = (
			);
			runOnlyForDeploymentPostprocessing = 0;
		};
/* End PBXResourcesBuildPhase section */

/* Begin PBXSourcesBuildPhase section */
		24CD1C9F2C11E6430083FE05 /* Sources */ = {
			isa = PBXSourcesBuildPhase;
			buildActionMask = 2147483647;
			files = (
				24CD1CDA2C11F0A10083FE05 /* WaterIntakeRow.swift in Sources */,
				24CD1CD12C11EEB40083FE05 /* HomeView.swift in Sources */,
				24CD1CD32C11EF480083FE05 /* HydrationCardView.swift in Sources */,
				2469545A2C1231D4004E72A4 /* StatisticsView.swift in Sources */,
				246954652C123315004E72A4 /* BarChartActivityView.swift in Sources */,
				2469547E2C1248CB004E72A4 /* CalendarDayView.swift in Sources */,
				24CD1CA92C11E6430083FE05 /* MainTabView.swift in Sources */,
				2469547C2C1248A0004E72A4 /* CalendarView.swift in Sources */,
				2469547A2C124460004E72A4 /* CalendarViewModel.swift in Sources */,
				246954622C1232B7004E72A4 /* StatisticsCardView.swift in Sources */,
				24CD1CE22C11F1E40083FE05 /* AddWaterIntakeView.swift in Sources */,
				246954752C123864004E72A4 /* HyderationNotificationView.swift in Sources */,
				24CD1CD52C11EF600083FE05 /* HomeViewModel.swift in Sources */,
				24CD1CDE2C11F1AA0083FE05 /* CardType.swift in Sources */,
				24CD1CE02C11F1CA0083FE05 /* EditTargetView.swift in Sources */,
				246954802C125414004E72A4 /* CircleWaveView.swift in Sources */,
				246954672C12332B004E72A4 /* AddLottieView.swift in Sources */,
				24CD1CD82C11EF860083FE05 /* HydrationModel.xcdatamodeld in Sources */,
				24CD1CA72C11E6430083FE05 /* GOQiiHydrationTrackerApp.swift in Sources */,
				246954552C122E6B004E72A4 /* ProgressCircleView.swift in Sources */,
				246954712C1237DA004E72A4 /* NotificationManager.swift in Sources */,
				24BC182A2C120235001D7688 /* CarouselView.swift in Sources */,
				24CD1CE52C11F2F10083FE05 /* CoreDataManager.swift in Sources */,
				2469546D2C12345A004E72A4 /* StatisticsViewModel.swift in Sources */,
			);
			runOnlyForDeploymentPostprocessing = 0;
		};
		24CD1CAF2C11E6450083FE05 /* Sources */ = {
			isa = PBXSourcesBuildPhase;
			buildActionMask = 2147483647;
			files = (
				24CD1CB82C11E6450083FE05 /* GOQiiHydrationTrackerTests.swift in Sources */,
			);
			runOnlyForDeploymentPostprocessing = 0;
		};
		24CD1CB92C11E6450083FE05 /* Sources */ = {
			isa = PBXSourcesBuildPhase;
			buildActionMask = 2147483647;
			files = (
				24CD1CC42C11E6450083FE05 /* GOQiiHydrationTrackerUITestsLaunchTests.swift in Sources */,
				24CD1CC22C11E6450083FE05 /* GOQiiHydrationTrackerUITests.swift in Sources */,
			);
			runOnlyForDeploymentPostprocessing = 0;
		};
/* End PBXSourcesBuildPhase section */

/* Begin PBXTargetDependency section */
		24CD1CB52C11E6450083FE05 /* PBXTargetDependency */ = {
			isa = PBXTargetDependency;
			target = 24CD1CA22C11E6430083FE05 /* GOQiiHydrationTracker */;
			targetProxy = 24CD1CB42C11E6450083FE05 /* PBXContainerItemProxy */;
		};
		24CD1CBF2C11E6450083FE05 /* PBXTargetDependency */ = {
			isa = PBXTargetDependency;
			target = 24CD1CA22C11E6430083FE05 /* GOQiiHydrationTracker */;
			targetProxy = 24CD1CBE2C11E6450083FE05 /* PBXContainerItemProxy */;
		};
/* End PBXTargetDependency section */

/* Begin XCBuildConfiguration section */
		24CD1CC52C11E6450083FE05 /* Debug */ = {
			isa = XCBuildConfiguration;
			buildSettings = {
				ALWAYS_SEARCH_USER_PATHS = NO;
				ASSETCATALOG_COMPILER_GENERATE_SWIFT_ASSET_SYMBOL_EXTENSIONS = YES;
				CLANG_ANALYZER_NONNULL = YES;
				CLANG_ANALYZER_NUMBER_OBJECT_CONVERSION = YES_AGGRESSIVE;
				CLANG_CXX_LANGUAGE_STANDARD = "gnu++20";
				CLANG_ENABLE_MODULES = YES;
				CLANG_ENABLE_OBJC_ARC = YES;
				CLANG_ENABLE_OBJC_WEAK = YES;
				CLANG_WARN_BLOCK_CAPTURE_AUTORELEASING = YES;
				CLANG_WARN_BOOL_CONVERSION = YES;
				CLANG_WARN_COMMA = YES;
				CLANG_WARN_CONSTANT_CONVERSION = YES;
				CLANG_WARN_DEPRECATED_OBJC_IMPLEMENTATIONS = YES;
				CLANG_WARN_DIRECT_OBJC_ISA_USAGE = YES_ERROR;
				CLANG_WARN_DOCUMENTATION_COMMENTS = YES;
				CLANG_WARN_EMPTY_BODY = YES;
				CLANG_WARN_ENUM_CONVERSION = YES;
				CLANG_WARN_INFINITE_RECURSION = YES;
				CLANG_WARN_INT_CONVERSION = YES;
				CLANG_WARN_NON_LITERAL_NULL_CONVERSION = YES;
				CLANG_WARN_OBJC_IMPLICIT_RETAIN_SELF = YES;
				CLANG_WARN_OBJC_LITERAL_CONVERSION = YES;
				CLANG_WARN_OBJC_ROOT_CLASS = YES_ERROR;
				CLANG_WARN_QUOTED_INCLUDE_IN_FRAMEWORK_HEADER = YES;
				CLANG_WARN_RANGE_LOOP_ANALYSIS = YES;
				CLANG_WARN_STRICT_PROTOTYPES = YES;
				CLANG_WARN_SUSPICIOUS_MOVE = YES;
				CLANG_WARN_UNGUARDED_AVAILABILITY = YES_AGGRESSIVE;
				CLANG_WARN_UNREACHABLE_CODE = YES;
				CLANG_WARN__DUPLICATE_METHOD_MATCH = YES;
				COPY_PHASE_STRIP = NO;
				DEBUG_INFORMATION_FORMAT = dwarf;
				ENABLE_STRICT_OBJC_MSGSEND = YES;
				ENABLE_TESTABILITY = YES;
				ENABLE_USER_SCRIPT_SANDBOXING = YES;
				GCC_C_LANGUAGE_STANDARD = gnu17;
				GCC_DYNAMIC_NO_PIC = NO;
				GCC_NO_COMMON_BLOCKS = YES;
				GCC_OPTIMIZATION_LEVEL = 0;
				GCC_PREPROCESSOR_DEFINITIONS = (
					"DEBUG=1",
					"$(inherited)",
				);
				GCC_WARN_64_TO_32_BIT_CONVERSION = YES;
				GCC_WARN_ABOUT_RETURN_TYPE = YES_ERROR;
				GCC_WARN_UNDECLARED_SELECTOR = YES;
				GCC_WARN_UNINITIALIZED_AUTOS = YES_AGGRESSIVE;
				GCC_WARN_UNUSED_FUNCTION = YES;
				GCC_WARN_UNUSED_VARIABLE = YES;
				IPHONEOS_DEPLOYMENT_TARGET = 17.4;
				LOCALIZATION_PREFERS_STRING_CATALOGS = YES;
				MTL_ENABLE_DEBUG_INFO = INCLUDE_SOURCE;
				MTL_FAST_MATH = YES;
				ONLY_ACTIVE_ARCH = YES;
				SDKROOT = iphoneos;
				SWIFT_ACTIVE_COMPILATION_CONDITIONS = "DEBUG $(inherited)";
				SWIFT_OPTIMIZATION_LEVEL = "-Onone";
			};
			name = Debug;
		};
		24CD1CC62C11E6450083FE05 /* Release */ = {
			isa = XCBuildConfiguration;
			buildSettings = {
				ALWAYS_SEARCH_USER_PATHS = NO;
				ASSETCATALOG_COMPILER_GENERATE_SWIFT_ASSET_SYMBOL_EXTENSIONS = YES;
				CLANG_ANALYZER_NONNULL = YES;
				CLANG_ANALYZER_NUMBER_OBJECT_CONVERSION = YES_AGGRESSIVE;
				CLANG_CXX_LANGUAGE_STANDARD = "gnu++20";
				CLANG_ENABLE_MODULES = YES;
				CLANG_ENABLE_OBJC_ARC = YES;
				CLANG_ENABLE_OBJC_WEAK = YES;
				CLANG_WARN_BLOCK_CAPTURE_AUTORELEASING = YES;
				CLANG_WARN_BOOL_CONVERSION = YES;
				CLANG_WARN_COMMA = YES;
				CLANG_WARN_CONSTANT_CONVERSION = YES;
				CLANG_WARN_DEPRECATED_OBJC_IMPLEMENTATIONS = YES;
				CLANG_WARN_DIRECT_OBJC_ISA_USAGE = YES_ERROR;
				CLANG_WARN_DOCUMENTATION_COMMENTS = YES;
				CLANG_WARN_EMPTY_BODY = YES;
				CLANG_WARN_ENUM_CONVERSION = YES;
				CLANG_WARN_INFINITE_RECURSION = YES;
				CLANG_WARN_INT_CONVERSION = YES;
				CLANG_WARN_NON_LITERAL_NULL_CONVERSION = YES;
				CLANG_WARN_OBJC_IMPLICIT_RETAIN_SELF = YES;
				CLANG_WARN_OBJC_LITERAL_CONVERSION = YES;
				CLANG_WARN_OBJC_ROOT_CLASS = YES_ERROR;
				CLANG_WARN_QUOTED_INCLUDE_IN_FRAMEWORK_HEADER = YES;
				CLANG_WARN_RANGE_LOOP_ANALYSIS = YES;
				CLANG_WARN_STRICT_PROTOTYPES = YES;
				CLANG_WARN_SUSPICIOUS_MOVE = YES;
				CLANG_WARN_UNGUARDED_AVAILABILITY = YES_AGGRESSIVE;
				CLANG_WARN_UNREACHABLE_CODE = YES;
				CLANG_WARN__DUPLICATE_METHOD_MATCH = YES;
				COPY_PHASE_STRIP = NO;
				DEBUG_INFORMATION_FORMAT = "dwarf-with-dsym";
				ENABLE_NS_ASSERTIONS = NO;
				ENABLE_STRICT_OBJC_MSGSEND = YES;
				ENABLE_USER_SCRIPT_SANDBOXING = YES;
				GCC_C_LANGUAGE_STANDARD = gnu17;
				GCC_NO_COMMON_BLOCKS = YES;
				GCC_WARN_64_TO_32_BIT_CONVERSION = YES;
				GCC_WARN_ABOUT_RETURN_TYPE = YES_ERROR;
				GCC_WARN_UNDECLARED_SELECTOR = YES;
				GCC_WARN_UNINITIALIZED_AUTOS = YES_AGGRESSIVE;
				GCC_WARN_UNUSED_FUNCTION = YES;
				GCC_WARN_UNUSED_VARIABLE = YES;
				IPHONEOS_DEPLOYMENT_TARGET = 17.4;
				LOCALIZATION_PREFERS_STRING_CATALOGS = YES;
				MTL_ENABLE_DEBUG_INFO = NO;
				MTL_FAST_MATH = YES;
				SDKROOT = iphoneos;
				SWIFT_COMPILATION_MODE = wholemodule;
				VALIDATE_PRODUCT = YES;
			};
			name = Release;
		};
		24CD1CC82C11E6450083FE05 /* Debug */ = {
			isa = XCBuildConfiguration;
			buildSettings = {
				ASSETCATALOG_COMPILER_APPICON_NAME = AppIcon;
				ASSETCATALOG_COMPILER_GLOBAL_ACCENT_COLOR_NAME = AccentColor;
				CODE_SIGN_STYLE = Automatic;
				CURRENT_PROJECT_VERSION = 1;
				DEVELOPMENT_ASSET_PATHS = "\"GOQiiHydrationTracker/Preview Content\"";
				DEVELOPMENT_TEAM = DJ4HTA4RKP;
				ENABLE_PREVIEWS = YES;
				GENERATE_INFOPLIST_FILE = YES;
				INFOPLIST_KEY_UIApplicationSceneManifest_Generation = YES;
				INFOPLIST_KEY_UIApplicationSupportsIndirectInputEvents = YES;
				INFOPLIST_KEY_UILaunchScreen_Generation = YES;
				INFOPLIST_KEY_UISupportedInterfaceOrientations_iPad = "UIInterfaceOrientationPortrait UIInterfaceOrientationPortraitUpsideDown UIInterfaceOrientationLandscapeLeft UIInterfaceOrientationLandscapeRight";
				INFOPLIST_KEY_UISupportedInterfaceOrientations_iPhone = "UIInterfaceOrientationPortrait UIInterfaceOrientationLandscapeLeft UIInterfaceOrientationLandscapeRight";
				LD_RUNPATH_SEARCH_PATHS = (
					"$(inherited)",
					"@executable_path/Frameworks",
				);
				MARKETING_VERSION = 1.0;
				PRODUCT_BUNDLE_IDENTIFIER = VenkateshNyamagoudar.GOQiiHydrationTracker;
				PRODUCT_NAME = "$(TARGET_NAME)";
				SWIFT_EMIT_LOC_STRINGS = YES;
				SWIFT_VERSION = 5.0;
				TARGETED_DEVICE_FAMILY = "1,2";
			};
			name = Debug;
		};
		24CD1CC92C11E6450083FE05 /* Release */ = {
			isa = XCBuildConfiguration;
			buildSettings = {
				ASSETCATALOG_COMPILER_APPICON_NAME = AppIcon;
				ASSETCATALOG_COMPILER_GLOBAL_ACCENT_COLOR_NAME = AccentColor;
				CODE_SIGN_STYLE = Automatic;
				CURRENT_PROJECT_VERSION = 1;
				DEVELOPMENT_ASSET_PATHS = "\"GOQiiHydrationTracker/Preview Content\"";
				DEVELOPMENT_TEAM = DJ4HTA4RKP;
				ENABLE_PREVIEWS = YES;
				GENERATE_INFOPLIST_FILE = YES;
				INFOPLIST_KEY_UIApplicationSceneManifest_Generation = YES;
				INFOPLIST_KEY_UIApplicationSupportsIndirectInputEvents = YES;
				INFOPLIST_KEY_UILaunchScreen_Generation = YES;
				INFOPLIST_KEY_UISupportedInterfaceOrientations_iPad = "UIInterfaceOrientationPortrait UIInterfaceOrientationPortraitUpsideDown UIInterfaceOrientationLandscapeLeft UIInterfaceOrientationLandscapeRight";
				INFOPLIST_KEY_UISupportedInterfaceOrientations_iPhone = "UIInterfaceOrientationPortrait UIInterfaceOrientationLandscapeLeft UIInterfaceOrientationLandscapeRight";
				LD_RUNPATH_SEARCH_PATHS = (
					"$(inherited)",
					"@executable_path/Frameworks",
				);
				MARKETING_VERSION = 1.0;
				PRODUCT_BUNDLE_IDENTIFIER = VenkateshNyamagoudar.GOQiiHydrationTracker;
				PRODUCT_NAME = "$(TARGET_NAME)";
				SWIFT_EMIT_LOC_STRINGS = YES;
				SWIFT_VERSION = 5.0;
				TARGETED_DEVICE_FAMILY = "1,2";
			};
			name = Release;
		};
		24CD1CCB2C11E6450083FE05 /* Debug */ = {
			isa = XCBuildConfiguration;
			buildSettings = {
				ALWAYS_EMBED_SWIFT_STANDARD_LIBRARIES = YES;
				BUNDLE_LOADER = "$(TEST_HOST)";
				CODE_SIGN_STYLE = Automatic;
				CURRENT_PROJECT_VERSION = 1;
				DEVELOPMENT_TEAM = DJ4HTA4RKP;
				GENERATE_INFOPLIST_FILE = YES;
				IPHONEOS_DEPLOYMENT_TARGET = 17.4;
				MARKETING_VERSION = 1.0;
				PRODUCT_BUNDLE_IDENTIFIER = VenkateshNyamagoudar.GOQiiHydrationTrackerTests;
				PRODUCT_NAME = "$(TARGET_NAME)";
				SWIFT_EMIT_LOC_STRINGS = NO;
				SWIFT_VERSION = 5.0;
				TARGETED_DEVICE_FAMILY = "1,2";
				TEST_HOST = "$(BUILT_PRODUCTS_DIR)/GOQiiHydrationTracker.app/$(BUNDLE_EXECUTABLE_FOLDER_PATH)/GOQiiHydrationTracker";
			};
			name = Debug;
		};
		24CD1CCC2C11E6450083FE05 /* Release */ = {
			isa = XCBuildConfiguration;
			buildSettings = {
				ALWAYS_EMBED_SWIFT_STANDARD_LIBRARIES = YES;
				BUNDLE_LOADER = "$(TEST_HOST)";
				CODE_SIGN_STYLE = Automatic;
				CURRENT_PROJECT_VERSION = 1;
				DEVELOPMENT_TEAM = DJ4HTA4RKP;
				GENERATE_INFOPLIST_FILE = YES;
				IPHONEOS_DEPLOYMENT_TARGET = 17.4;
				MARKETING_VERSION = 1.0;
				PRODUCT_BUNDLE_IDENTIFIER = VenkateshNyamagoudar.GOQiiHydrationTrackerTests;
				PRODUCT_NAME = "$(TARGET_NAME)";
				SWIFT_EMIT_LOC_STRINGS = NO;
				SWIFT_VERSION = 5.0;
				TARGETED_DEVICE_FAMILY = "1,2";
				TEST_HOST = "$(BUILT_PRODUCTS_DIR)/GOQiiHydrationTracker.app/$(BUNDLE_EXECUTABLE_FOLDER_PATH)/GOQiiHydrationTracker";
			};
			name = Release;
		};
		24CD1CCE2C11E6450083FE05 /* Debug */ = {
			isa = XCBuildConfiguration;
			buildSettings = {
				ALWAYS_EMBED_SWIFT_STANDARD_LIBRARIES = YES;
				CODE_SIGN_STYLE = Automatic;
				CURRENT_PROJECT_VERSION = 1;
				DEVELOPMENT_TEAM = DJ4HTA4RKP;
				GENERATE_INFOPLIST_FILE = YES;
				MARKETING_VERSION = 1.0;
				PRODUCT_BUNDLE_IDENTIFIER = VenkateshNyamagoudar.GOQiiHydrationTrackerUITests;
				PRODUCT_NAME = "$(TARGET_NAME)";
				SWIFT_EMIT_LOC_STRINGS = NO;
				SWIFT_VERSION = 5.0;
				TARGETED_DEVICE_FAMILY = "1,2";
				TEST_TARGET_NAME = GOQiiHydrationTracker;
			};
			name = Debug;
		};
		24CD1CCF2C11E6450083FE05 /* Release */ = {
			isa = XCBuildConfiguration;
			buildSettings = {
				ALWAYS_EMBED_SWIFT_STANDARD_LIBRARIES = YES;
				CODE_SIGN_STYLE = Automatic;
				CURRENT_PROJECT_VERSION = 1;
				DEVELOPMENT_TEAM = DJ4HTA4RKP;
				GENERATE_INFOPLIST_FILE = YES;
				MARKETING_VERSION = 1.0;
				PRODUCT_BUNDLE_IDENTIFIER = VenkateshNyamagoudar.GOQiiHydrationTrackerUITests;
				PRODUCT_NAME = "$(TARGET_NAME)";
				SWIFT_EMIT_LOC_STRINGS = NO;
				SWIFT_VERSION = 5.0;
				TARGETED_DEVICE_FAMILY = "1,2";
				TEST_TARGET_NAME = GOQiiHydrationTracker;
			};
			name = Release;
		};
/* End XCBuildConfiguration section */

/* Begin XCConfigurationList section */
		24CD1C9E2C11E6420083FE05 /* Build configuration list for PBXProject "GOQiiHydrationTracker" */ = {
			isa = XCConfigurationList;
			buildConfigurations = (
				24CD1CC52C11E6450083FE05 /* Debug */,
				24CD1CC62C11E6450083FE05 /* Release */,
			);
			defaultConfigurationIsVisible = 0;
			defaultConfigurationName = Release;
		};
		24CD1CC72C11E6450083FE05 /* Build configuration list for PBXNativeTarget "GOQiiHydrationTracker" */ = {
			isa = XCConfigurationList;
			buildConfigurations = (
				24CD1CC82C11E6450083FE05 /* Debug */,
				24CD1CC92C11E6450083FE05 /* Release */,
			);
			defaultConfigurationIsVisible = 0;
			defaultConfigurationName = Release;
		};
		24CD1CCA2C11E6450083FE05 /* Build configuration list for PBXNativeTarget "GOQiiHydrationTrackerTests" */ = {
			isa = XCConfigurationList;
			buildConfigurations = (
				24CD1CCB2C11E6450083FE05 /* Debug */,
				24CD1CCC2C11E6450083FE05 /* Release */,
			);
			defaultConfigurationIsVisible = 0;
			defaultConfigurationName = Release;
		};
		24CD1CCD2C11E6450083FE05 /* Build configuration list for PBXNativeTarget "GOQiiHydrationTrackerUITests" */ = {
			isa = XCConfigurationList;
			buildConfigurations = (
				24CD1CCE2C11E6450083FE05 /* Debug */,
				24CD1CCF2C11E6450083FE05 /* Release */,
			);
			defaultConfigurationIsVisible = 0;
			defaultConfigurationName = Release;
		};
/* End XCConfigurationList section */

/* Begin XCRemoteSwiftPackageReference section */
		246954682C1233D5004E72A4 /* XCRemoteSwiftPackageReference "lottie-ios" */ = {
			isa = XCRemoteSwiftPackageReference;
			repositoryURL = "https://github.com/airbnb/lottie-ios";
			requirement = {
				kind = upToNextMajorVersion;
				minimumVersion = 4.4.3;
			};
		};
/* End XCRemoteSwiftPackageReference section */

/* Begin XCSwiftPackageProductDependency section */
		246954692C123410004E72A4 /* Lottie */ = {
			isa = XCSwiftPackageProductDependency;
			package = 246954682C1233D5004E72A4 /* XCRemoteSwiftPackageReference "lottie-ios" */;
			productName = Lottie;
		};
/* End XCSwiftPackageProductDependency section */

/* Begin XCVersionGroup section */
		24CD1CD62C11EF860083FE05 /* HydrationModel.xcdatamodeld */ = {
			isa = XCVersionGroup;
			children = (
				24CD1CD72C11EF860083FE05 /* HydrationModel.xcdatamodel */,
			);
			currentVersion = 24CD1CD72C11EF860083FE05 /* HydrationModel.xcdatamodel */;
			name = HydrationModel.xcdatamodeld;
			path = /Users/venki/Desktop/India/Challenges/GOQiiHydrationTracker/GOQiiHydrationTracker/HydrationModel.xcdatamodeld;
			sourceTree = "<group>";
			versionGroupType = wrapper.xcdatamodel;
		};
/* End XCVersionGroup section */
	};
	rootObject = 24CD1C9B2C11E6420083FE05 /* Project object */;
}
